
Microsoft Visual Studio Solution File, Format Version 12.00
# Visual Studio Version 17
VisualStudioVersion = 17.8.34330.188
MinimumVisualStudioVersion = 10.0.40219.1
Project("{9A19103F-16F7-4668-BE54-9A1E7A4F7556}") = "Stage0", "Stage0\Stage0.csproj", "{E9BE088B-3360-456B-AB49-A2D66ABB9ACD}"
EndProject
Project("{2150E333-8FDC-42A3-9474-1A3956D46DE8}") = "Solution Items", "Solution Items", "{B573CF20-DD24-470F-9269-9130695F6BC4}"
	ProjectSection(SolutionItems) = preProject
		README.md = README.md
	EndProjectSection
EndProject
Project("{9A19103F-16F7-4668-BE54-9A1E7A4F7556}") = "DalFacade", "DalFacade\DalFacade.csproj", "{7EAEB7CA-E787-435A-B0BD-EB2365E21EB3}"
EndProject
Project("{9A19103F-16F7-4668-BE54-9A1E7A4F7556}") = "DalList", "DalList\DalList.csproj", "{FFD8220A-8CBD-4186-8862-0E81F2F51CBB}"
EndProject
Project("{9A19103F-16F7-4668-BE54-9A1E7A4F7556}") = "DalTest", "DalTest\DalTest.csproj", "{9969705B-8BB8-4319-9214-41226644676A}"
EndProject
Project("{9A19103F-16F7-4668-BE54-9A1E7A4F7556}") = "DalXml", "DalXml\DalXml.csproj", "{D993CDB3-74FB-44C6-BF5C-844024512BD2}"
EndProject
Project("{2150E333-8FDC-42A3-9474-1A3956D46DE8}") = "xml", "xml", "{7B738D8B-15A7-474C-B4F2-46478B5EE33D}"
	ProjectSection(SolutionItems) = preProject
		xml\data-config.xml = xml\data-config.xml
		xml\dal-config.xml = xml\dal-config.xml
		xml\dependencies.xml = xml\dependencies.xml
		xml\engineers.xml = xml\engineers.xml
		xml\tasks.xml = xml\tasks.xml
	EndProjectSection
EndProject
Global
	GlobalSection(SolutionConfigurationPlatforms) = preSolution
		Debug|Any CPU = Debug|Any CPU
		Release|Any CPU = Release|Any CPU
	EndGlobalSection
	GlobalSection(ProjectConfigurationPlatforms) = postSolution
		{E9BE088B-3360-456B-AB49-A2D66ABB9ACD}.Debug|Any CPU.ActiveCfg = Debug|Any CPU
		{E9BE088B-3360-456B-AB49-A2D66ABB9ACD}.Debug|Any CPU.Build.0 = Debug|Any CPU
		{E9BE088B-3360-456B-AB49-A2D66ABB9ACD}.Release|Any CPU.ActiveCfg = Release|Any CPU
		{E9BE088B-3360-456B-AB49-A2D66ABB9ACD}.Release|Any CPU.Build.0 = Release|Any CPU
		{7EAEB7CA-E787-435A-B0BD-EB2365E21EB3}.Debug|Any CPU.ActiveCfg = Debug|Any CPU
		{7EAEB7CA-E787-435A-B0BD-EB2365E21EB3}.Debug|Any CPU.Build.0 = Debug|Any CPU
		{7EAEB7CA-E787-435A-B0BD-EB2365E21EB3}.Release|Any CPU.ActiveCfg = Release|Any CPU
		{7EAEB7CA-E787-435A-B0BD-EB2365E21EB3}.Release|Any CPU.Build.0 = Release|Any CPU
		{FFD8220A-8CBD-4186-8862-0E81F2F51CBB}.Debug|Any CPU.ActiveCfg = Debug|Any CPU
		{FFD8220A-8CBD-4186-8862-0E81F2F51CBB}.Debug|Any CPU.Build.0 = Debug|Any CPU
		{FFD8220A-8CBD-4186-8862-0E81F2F51CBB}.Release|Any CPU.ActiveCfg = Release|Any CPU
		{FFD8220A-8CBD-4186-8862-0E81F2F51CBB}.Release|Any CPU.Build.0 = Release|Any CPU
		{9969705B-8BB8-4319-9214-41226644676A}.Debug|Any CPU.ActiveCfg = Debug|Any CPU
		{9969705B-8BB8-4319-9214-41226644676A}.Debug|Any CPU.Build.0 = Debug|Any CPU
		{9969705B-8BB8-4319-9214-41226644676A}.Release|Any CPU.ActiveCfg = Release|Any CPU
		{9969705B-8BB8-4319-9214-41226644676A}.Release|Any CPU.Build.0 = Release|Any CPU
		{D993CDB3-74FB-44C6-BF5C-844024512BD2}.Debug|Any CPU.ActiveCfg = Debug|Any CPU
		{D993CDB3-74FB-44C6-BF5C-844024512BD2}.Debug|Any CPU.Build.0 = Debug|Any CPU
		{D993CDB3-74FB-44C6-BF5C-844024512BD2}.Release|Any CPU.ActiveCfg = Release|Any CPU
		{D993CDB3-74FB-44C6-BF5C-844024512BD2}.Release|Any CPU.Build.0 = Release|Any CPU
	EndGlobalSection
	GlobalSection(SolutionProperties) = preSolution
		HideSolutionNode = FALSE
	EndGlobalSection
	GlobalSection(NestedProjects) = preSolution
		{9969705B-8BB8-4319-9214-41226644676A} = {B573CF20-DD24-470F-9269-9130695F6BC4}
		{D993CDB3-74FB-44C6-BF5C-844024512BD2} = {B573CF20-DD24-470F-9269-9130695F6BC4}
	EndGlobalSection
	GlobalSection(ExtensibilityGlobals) = postSolution
		SolutionGuid = {1B59F32E-09CA-4162-A51E-3BE4FDB62039}
	EndGlobalSection
EndGlobal
